
Microsoft Visual Studio Solution File, Format Version 12.00
# Visual Studio Version 17
VisualStudioVersion = 17.4.33205.214
MinimumVisualStudioVersion = 10.0.40219.1
Project("{888888A0-9F3D-457C-B088-3A5042F75D52}") = "riigid", "riigid.pyproj", "{9F5CFD97-EF43-404A-AA66-37C5EF08DF0A}"
EndProject
Global
	GlobalSection(SolutionConfigurationPlatforms) = preSolution
		Debug|Any CPU = Debug|Any CPU
		Release|Any CPU = Release|Any CPU
	EndGlobalSection
	GlobalSection(ProjectConfigurationPlatforms) = postSolution
		{9F5CFD97-EF43-404A-AA66-37C5EF08DF0A}.Debug|Any CPU.ActiveCfg = Debug|Any CPU
		{9F5CFD97-EF43-404A-AA66-37C5EF08DF0A}.Release|Any CPU.ActiveCfg = Release|Any CPU
	EndGlobalSection
	GlobalSection(SolutionProperties) = preSolution
		HideSolutionNode = FALSE
	EndGlobalSection
	GlobalSection(ExtensibilityGlobals) = postSolution
		SolutionGuid = {1E0E1F70-5401-4BC2-8AA9-14991058BB88}
	EndGlobalSection
EndGlobal
